
Microsoft Visual Studio Solution File, Format Version 11.00
# Visual Studio 2010
Project("{FAE04EC0-301F-11D3-BF4B-00C04F79EFBC}") = "L2_p3", "L2_p3\L2_p3.csproj", "{B686AAB8-C0A5-4096-82D1-FC2844CE3BD5}"
EndProject
Global
	GlobalSection(SolutionConfigurationPlatforms) = preSolution
		Debug|x86 = Debug|x86
		Release|x86 = Release|x86
	EndGlobalSection
	GlobalSection(ProjectConfigurationPlatforms) = postSolution
		{B686AAB8-C0A5-4096-82D1-FC2844CE3BD5}.Debug|x86.ActiveCfg = Debug|x86
		{B686AAB8-C0A5-4096-82D1-FC2844CE3BD5}.Debug|x86.Build.0 = Debug|x86
		{B686AAB8-C0A5-4096-82D1-FC2844CE3BD5}.Release|x86.ActiveCfg = Release|x86
		{B686AAB8-C0A5-4096-82D1-FC2844CE3BD5}.Release|x86.Build.0 = Release|x86
	EndGlobalSection
	GlobalSection(SolutionProperties) = preSolution
		HideSolutionNode = FALSE
	EndGlobalSection
EndGlobal
