
Microsoft Visual Studio Solution File, Format Version 11.00
# Visual Studio 2010
Project("{FAE04EC0-301F-11D3-BF4B-00C04F79EFBC}") = "Atestat_Dana_FORSTY_2", "Atestat_Dana_FORSTY_2\Atestat_Dana_FORSTY_2.csproj", "{C0979D70-1325-4D3A-9437-DA6B35D25769}"
EndProject
Global
	GlobalSection(SolutionConfigurationPlatforms) = preSolution
		Debug|x86 = Debug|x86
		Release|x86 = Release|x86
	EndGlobalSection
	GlobalSection(ProjectConfigurationPlatforms) = postSolution
		{C0979D70-1325-4D3A-9437-DA6B35D25769}.Debug|x86.ActiveCfg = Debug|x86
		{C0979D70-1325-4D3A-9437-DA6B35D25769}.Debug|x86.Build.0 = Debug|x86
		{C0979D70-1325-4D3A-9437-DA6B35D25769}.Release|x86.ActiveCfg = Release|x86
		{C0979D70-1325-4D3A-9437-DA6B35D25769}.Release|x86.Build.0 = Release|x86
	EndGlobalSection
	GlobalSection(SolutionProperties) = preSolution
		HideSolutionNode = FALSE
	EndGlobalSection
EndGlobal
